
Microsoft Visual Studio Solution File, Format Version 12.00
# Visual Studio Version 16
VisualStudioVersion = 16.0.29102.190
MinimumVisualStudioVersion = 10.0.40219.1
Project("{FAE04EC0-301F-11D3-BF4B-00C04F79EFBC}") = "Simple Sum", "Simple Sum\Simple Sum.csproj", "{D22395CF-5788-4CFA-9BCD-C62B812F7473}"
EndProject
Global
	GlobalSection(SolutionConfigurationPlatforms) = preSolution
		Debug|Any CPU = Debug|Any CPU
		Release|Any CPU = Release|Any CPU
	EndGlobalSection
	GlobalSection(ProjectConfigurationPlatforms) = postSolution
		{D22395CF-5788-4CFA-9BCD-C62B812F7473}.Debug|Any CPU.ActiveCfg = Debug|Any CPU
		{D22395CF-5788-4CFA-9BCD-C62B812F7473}.Debug|Any CPU.Build.0 = Debug|Any CPU
		{D22395CF-5788-4CFA-9BCD-C62B812F7473}.Release|Any CPU.ActiveCfg = Release|Any CPU
		{D22395CF-5788-4CFA-9BCD-C62B812F7473}.Release|Any CPU.Build.0 = Release|Any CPU
	EndGlobalSection
	GlobalSection(SolutionProperties) = preSolution
		HideSolutionNode = FALSE
	EndGlobalSection
	GlobalSection(ExtensibilityGlobals) = postSolution
		SolutionGuid = {CFAD806D-F15B-43F0-9454-300E1189940D}
	EndGlobalSection
EndGlobal
